# This file is automatically @generated by Cargo.
# It is not intended for manual editing.
version = 3

[[package]]
name = "enve"
version = "0.1.0"
dependencies = [
 "estring",
]

[[package]]
name = "estring"
version = "0.1.2"
source = "registry+https://github.com/rust-lang/crates.io-index"
checksum = "72ea7e904ef7cb950eee02f9332b6a5c24c33bebeca6c027651b04f6c20658d9"
